
Microsoft Visual Studio Solution File, Format Version 12.00
# Visual Studio Version 17
VisualStudioVersion = 17.7.34024.191
MinimumVisualStudioVersion = 10.0.40219.1
Project("{9A19103F-16F7-4668-BE54-9A1E7A4F7556}") = "AdFeedBack.API", "AdFeedBack.API\AdFeedBack.API.csproj", "{EDCDC02A-7ABB-41D3-B690-8AEE29855079}"
EndProject
Project("{9A19103F-16F7-4668-BE54-9A1E7A4F7556}") = "AdFeedBack.Presentation", "AdFeedBack.Presentation\AdFeedBack.Presentation.csproj", "{2E9C2AFE-78E7-495B-89C1-FA9F994CBFAB}"
EndProject
Project("{FAE04EC0-301F-11D3-BF4B-00C04F79EFBC}") = "AdFeedBack.data", "AdFeedBack.data\AdFeedBack.data.csproj", "{959EF4BC-1001-4C6B-9B09-03E6938FD66D}"
EndProject
Project("{FAE04EC0-301F-11D3-BF4B-00C04F79EFBC}") = "AdFeedBack.dto", "AdFeedBack.dto\AdFeedBack.dto.csproj", "{B99A3E3C-F9A3-4512-986D-87F8D273705C}"
EndProject
Project("{FAE04EC0-301F-11D3-BF4B-00C04F79EFBC}") = "AdFeedBack.negocio", "AdFeedBack.negocio\AdFeedBack.negocio.csproj", "{78C8CC0B-B81B-44DA-91D3-4D6D44B0EC62}"
EndProject
Global
	GlobalSection(SolutionConfigurationPlatforms) = preSolution
		Debug|Any CPU = Debug|Any CPU
		Release|Any CPU = Release|Any CPU
	EndGlobalSection
	GlobalSection(ProjectConfigurationPlatforms) = postSolution
		{EDCDC02A-7ABB-41D3-B690-8AEE29855079}.Debug|Any CPU.ActiveCfg = Debug|Any CPU
		{EDCDC02A-7ABB-41D3-B690-8AEE29855079}.Debug|Any CPU.Build.0 = Debug|Any CPU
		{EDCDC02A-7ABB-41D3-B690-8AEE29855079}.Release|Any CPU.ActiveCfg = Release|Any CPU
		{EDCDC02A-7ABB-41D3-B690-8AEE29855079}.Release|Any CPU.Build.0 = Release|Any CPU
		{2E9C2AFE-78E7-495B-89C1-FA9F994CBFAB}.Debug|Any CPU.ActiveCfg = Debug|Any CPU
		{2E9C2AFE-78E7-495B-89C1-FA9F994CBFAB}.Debug|Any CPU.Build.0 = Debug|Any CPU
		{2E9C2AFE-78E7-495B-89C1-FA9F994CBFAB}.Release|Any CPU.ActiveCfg = Release|Any CPU
		{2E9C2AFE-78E7-495B-89C1-FA9F994CBFAB}.Release|Any CPU.Build.0 = Release|Any CPU
		{959EF4BC-1001-4C6B-9B09-03E6938FD66D}.Debug|Any CPU.ActiveCfg = Debug|Any CPU
		{959EF4BC-1001-4C6B-9B09-03E6938FD66D}.Debug|Any CPU.Build.0 = Debug|Any CPU
		{959EF4BC-1001-4C6B-9B09-03E6938FD66D}.Release|Any CPU.ActiveCfg = Release|Any CPU
		{959EF4BC-1001-4C6B-9B09-03E6938FD66D}.Release|Any CPU.Build.0 = Release|Any CPU
		{B99A3E3C-F9A3-4512-986D-87F8D273705C}.Debug|Any CPU.ActiveCfg = Debug|Any CPU
		{B99A3E3C-F9A3-4512-986D-87F8D273705C}.Debug|Any CPU.Build.0 = Debug|Any CPU
		{B99A3E3C-F9A3-4512-986D-87F8D273705C}.Release|Any CPU.ActiveCfg = Release|Any CPU
		{B99A3E3C-F9A3-4512-986D-87F8D273705C}.Release|Any CPU.Build.0 = Release|Any CPU
		{78C8CC0B-B81B-44DA-91D3-4D6D44B0EC62}.Debug|Any CPU.ActiveCfg = Debug|Any CPU
		{78C8CC0B-B81B-44DA-91D3-4D6D44B0EC62}.Debug|Any CPU.Build.0 = Debug|Any CPU
		{78C8CC0B-B81B-44DA-91D3-4D6D44B0EC62}.Release|Any CPU.ActiveCfg = Release|Any CPU
		{78C8CC0B-B81B-44DA-91D3-4D6D44B0EC62}.Release|Any CPU.Build.0 = Release|Any CPU
	EndGlobalSection
	GlobalSection(SolutionProperties) = preSolution
		HideSolutionNode = FALSE
	EndGlobalSection
	GlobalSection(ExtensibilityGlobals) = postSolution
		SolutionGuid = {CEAAFC34-2525-492E-88EE-3FAACF51883C}
	EndGlobalSection
EndGlobal
